# This file is automatically @generated by Cargo.
# It is not intended for manual editing.
version = 3

[[package]]
name = "bitmaps"
version = "2.1.0"
source = "registry+https://github.com/rust-lang/crates.io-index"
checksum = "031043d04099746d8db04daf1fa424b2bc8bd69d92b25962dcde24da39ab64a2"
dependencies = [
 "typenum",
]

[[package]]
name = "cfg-if"
version = "1.0.0"
source = "registry+https://github.com/rust-lang/crates.io-index"
checksum = "baf1de4339761588bc0619e3cbc0120ee582ebb74b53b4efbf79117bd2da40fd"

[[package]]
name = "ena"
version = "0.14.2"
source = "registry+https://github.com/rust-lang/crates.io-index"
checksum = "c533630cf40e9caa44bd91aadc88a75d75a4c3a12b4cfde353cbed41daa1e1f1"
dependencies = [
 "log",
]

[[package]]
name = "im"
version = "15.1.0"
source = "registry+https://github.com/rust-lang/crates.io-index"
checksum = "d0acd33ff0285af998aaf9b57342af478078f53492322fafc47450e09397e0e9"
dependencies = [
 "bitmaps",
 "rand_core",
 "rand_xoshiro",
 "sized-chunks",
 "typenum",
 "version_check",
]

[[package]]
name = "log"
version = "0.4.17"
source = "registry+https://github.com/rust-lang/crates.io-index"
checksum = "abb12e687cfb44aa40f41fc3978ef76448f9b6038cad6aef4259d3c095a2382e"
dependencies = [
 "cfg-if",
]

[[package]]
name = "rand_core"
version = "0.6.4"
source = "registry+https://github.com/rust-lang/crates.io-index"
checksum = "ec0be4795e2f6a28069bec0b5ff3e2ac9bafc99e6a9a7dc3547996c5c816922c"

[[package]]
name = "rand_xoshiro"
version = "0.6.0"
source = "registry+https://github.com/rust-lang/crates.io-index"
checksum = "6f97cdb2a36ed4183de61b2f824cc45c9f1037f28afe0a322e9fff4c108b5aaa"
dependencies = [
 "rand_core",
]

[[package]]
name = "sized-chunks"
version = "0.6.5"
source = "registry+https://github.com/rust-lang/crates.io-index"
checksum = "16d69225bde7a69b235da73377861095455d298f2b970996eec25ddbb42b3d1e"
dependencies = [
 "bitmaps",
 "typenum",
]

[[package]]
name = "type-inference"
version = "0.1.0"
dependencies = [
 "ena",
 "im",
]

[[package]]
name = "typenum"
version = "1.16.0"
source = "registry+https://github.com/rust-lang/crates.io-index"
checksum = "497961ef93d974e23eb6f433eb5fe1b7930b659f06d12dec6fc44a8f554c0bba"

[[package]]
name = "version_check"
version = "0.9.4"
source = "registry+https://github.com/rust-lang/crates.io-index"
checksum = "49874b5167b65d7193b8aba1567f5c7d93d001cafc34600cee003eda787e483f"
